github.com/hexcraft-biz/her v0.0.5 h1:HWmLtFxnKp9YVNQJiCnVGGG8yUdurFEjveYILGys9WY=
github.com/hexcraft-biz/her v0.0.5/go.mod h1:g7jcBefsWaWBmhFzfeO0m8GsnrJQOEkFHS/SeiMTM+Y=
github.com/hexcraft-biz/xtime v0.0.3 h1:hq6u++YQVl8G9W8aMAFVsfTERayvKSV4KrZSOH8TL2o=
github.com/hexcraft-biz/xtime v0.0.3/go.mod h1:sfoKKcRT7bgGBkKBMK3guIXkjwzXg52xmhswNa8mak8=
