github.com/hexcraft-biz/her v0.0.6 h1:CZSWPRFHzGROANOQFCbHGqxKBrnKTDpJ7oJPSj7KyNg=
github.com/hexcraft-biz/her v0.0.6/go.mod h1:ETdrgTyG2XoSncKpGmXSeqpTQR8ALX8S+wFZ44WgSZI=
github.com/hexcraft-biz/xtime v0.0.3 h1:hq6u++YQVl8G9W8aMAFVsfTERayvKSV4KrZSOH8TL2o=
github.com/hexcraft-biz/xtime v0.0.3/go.mod h1:sfoKKcRT7bgGBkKBMK3guIXkjwzXg52xmhswNa8mak8=
